
Microsoft Visual Studio Solution File, Format Version 12.00
# Visual Studio Version 17
VisualStudioVersion = 17.9.34607.119
MinimumVisualStudioVersion = 10.0.40219.1
Project("{9A19103F-16F7-4668-BE54-9A1E7A4F7556}") = "FastFoodLogs", "FastFoodLogs\FastFoodLogs.csproj", "{B5BD963D-C757-4362-A2C5-DE9B2A926A23}"
EndProject
Project("{9A19103F-16F7-4668-BE54-9A1E7A4F7556}") = "FastFoodLogs.Tests", "FastFoodLogs.Tests\FastFoodLogs.Tests.csproj", "{7BCD435D-EF51-4C7E-AC65-B30AA3E62F48}"
EndProject
Project("{2150E333-8FDC-42A3-9474-1A3956D46DE8}") = "Solution Items", "Solution Items", "{75A18F81-2938-4860-B8A5-FAE4F2948B58}"
	ProjectSection(SolutionItems) = preProject
		.github\workflows\deploy.yaml = .github\workflows\deploy.yaml
	EndProjectSection
EndProject
Global
	GlobalSection(SolutionConfigurationPlatforms) = preSolution
		Debug|Any CPU = Debug|Any CPU
		Release|Any CPU = Release|Any CPU
	EndGlobalSection
	GlobalSection(ProjectConfigurationPlatforms) = postSolution
		{B5BD963D-C757-4362-A2C5-DE9B2A926A23}.Debug|Any CPU.ActiveCfg = Debug|Any CPU
		{B5BD963D-C757-4362-A2C5-DE9B2A926A23}.Debug|Any CPU.Build.0 = Debug|Any CPU
		{B5BD963D-C757-4362-A2C5-DE9B2A926A23}.Release|Any CPU.ActiveCfg = Release|Any CPU
		{B5BD963D-C757-4362-A2C5-DE9B2A926A23}.Release|Any CPU.Build.0 = Release|Any CPU
		{7BCD435D-EF51-4C7E-AC65-B30AA3E62F48}.Debug|Any CPU.ActiveCfg = Debug|Any CPU
		{7BCD435D-EF51-4C7E-AC65-B30AA3E62F48}.Debug|Any CPU.Build.0 = Debug|Any CPU
		{7BCD435D-EF51-4C7E-AC65-B30AA3E62F48}.Release|Any CPU.ActiveCfg = Release|Any CPU
		{7BCD435D-EF51-4C7E-AC65-B30AA3E62F48}.Release|Any CPU.Build.0 = Release|Any CPU
	EndGlobalSection
	GlobalSection(SolutionProperties) = preSolution
		HideSolutionNode = FALSE
	EndGlobalSection
	GlobalSection(ExtensibilityGlobals) = postSolution
		SolutionGuid = {E2876EBA-B7F1-4AAF-B948-42FEA20BA4E4}
	EndGlobalSection
EndGlobal
